
Microsoft Visual Studio Solution File, Format Version 12.00
# Visual Studio 15
VisualStudioVersion = 15.0.28307.136
MinimumVisualStudioVersion = 10.0.40219.1
Project("{FAE04EC0-301F-11D3-BF4B-00C04F79EFBC}") = "ECS", "ECS\ECS.csproj", "{D561BF33-13F4-4EA3-B480-B8BF224519B1}"
EndProject
Global
	GlobalSection(SolutionConfigurationPlatforms) = preSolution
		Debug|Any CPU = Debug|Any CPU
		Release|Any CPU = Release|Any CPU
	EndGlobalSection
	GlobalSection(ProjectConfigurationPlatforms) = postSolution
		{D561BF33-13F4-4EA3-B480-B8BF224519B1}.Debug|Any CPU.ActiveCfg = Debug|Any CPU
		{D561BF33-13F4-4EA3-B480-B8BF224519B1}.Debug|Any CPU.Build.0 = Debug|Any CPU
		{D561BF33-13F4-4EA3-B480-B8BF224519B1}.Release|Any CPU.ActiveCfg = Release|Any CPU
		{D561BF33-13F4-4EA3-B480-B8BF224519B1}.Release|Any CPU.Build.0 = Release|Any CPU
	EndGlobalSection
	GlobalSection(SolutionProperties) = preSolution
		HideSolutionNode = FALSE
	EndGlobalSection
	GlobalSection(ExtensibilityGlobals) = postSolution
		SolutionGuid = {84F8A6C6-DC3B-405F-BE17-D547AFB789EE}
	EndGlobalSection
EndGlobal
